<Solution>
  <Folder Name="/Core/">
    <Project Path="Core/CleanTeeth.Domain/CleanTeeth.Domain.csproj" />
  </Folder>
  <Folder Name="/Infrastructure/" />
  <Folder Name="/Presentation/" />
  <Folder Name="/Tests/">
    <Project Path="Tests/CleanTeeth.Domain.Tests/CleanTeeth.Domain.Tests.csproj" />
  </Folder>
</Solution>
